<?xml version="1.0" encoding="utf-8"?>
<Project ToolsVersion="4.0" xmlns="http://schemas.microsoft.com/developer/msbuild/2003">
  <ItemGroup>
    <Filter Include="Source Files">
      <UniqueIdentifier>{4FC737F1-C7A5-4376-A066-2A32D752A2FF}</UniqueIdentifier>
      <Extensions>cpp;c;cc;cxx;c++;cppm;ixx;def;odl;idl;hpj;bat;asm;asmx</Extensions>
    </Filter>
    <Filter Include="Header Files">
      <UniqueIdentifier>{93995380-89BD-4b04-88EB-625FBE52EBFB}</UniqueIdentifier>
      <Extensions>h;hh;hpp;hxx;h++;hm;inl;inc;ipp;xsd</Extensions>
    </Filter>
    <Filter Include="Resource Files">
      <UniqueIdentifier>{67DA6AB6-F800-4c08-8B7A-83BB121AAD01}</UniqueIdentifier>
      <Extensions>rc;ico;cur;bmp;dlg;rc2;rct;bin;rgs;gif;jpg;jpeg;jpe;resx;tiff;tif;png;wav;mfcribbon-ms</Extensions>
    </Filter>
    <Filter Include="Source Files\Data Structures">
      <UniqueIdentifier>{60c90166-3414-41bb-8286-062c82837462}</UniqueIdentifier>
    </Filter>
    <Filter Include="Source Files\Algorithms">
      <UniqueIdentifier>{555a6c6b-bd45-4a63-9845-766f8cfc9d6c}</UniqueIdentifier>
    </Filter>
  </ItemGroup>
  <ItemGroup>
    <ClInclude Include="Algorithms\LinearSieve.h">
      <Filter>Header Files</Filter>
    </ClInclude>
    <ClInclude Include="Data Structures\ArrayDeque.h">
      <Filter>Header Files</Filter>
    </ClInclude>
    <ClInclude Include="Data Structures\ArrayQueue.h">
      <Filter>Header Files</Filter>
    </ClInclude>
    <ClInclude Include="Data Structures\ArrayStack.h">
      <Filter>Header Files</Filter>
    </ClInclude>
    <ClInclude Include="Data Structures\ArrayHeap.h">
      <Filter>Header Files</Filter>
    </ClInclude>
    <ClInclude Include="Data Structures\LinkedList.h">
      <Filter>Header Files</Filter>
    </ClInclude>
    <ClInclude Include="Data Structures\UnionFind.h">
      <Filter>Header Files</Filter>
    </ClInclude>
    <ClInclude Include="Data Structures\AdjacencyList.h">
      <Filter>Header Files</Filter>
    </ClInclude>
    <ClInclude Include="Data Structures\Vector.h">
      <Filter>Header Files</Filter>
    </ClInclude>
    <ClInclude Include="Algorithms\MergeSort.h">
      <Filter>Header Files</Filter>
    </ClInclude>
  </ItemGroup>
  <ItemGroup>
    <ClCompile Include="_Main.c">
      <Filter>Source Files</Filter>
    </ClCompile>
    <ClCompile Include="Data Structures\ArrayDeque.c">
      <Filter>Source Files\Data Structures</Filter>
    </ClCompile>
    <ClCompile Include="Data Structures\ArrayQueue.c">
      <Filter>Source Files\Data Structures</Filter>
    </ClCompile>
    <ClCompile Include="Data Structures\ArrayStack.c">
      <Filter>Source Files\Data Structures</Filter>
    </ClCompile>
    <ClCompile Include="Data Structures\ArrayHeap.c">
      <Filter>Source Files\Data Structures</Filter>
    </ClCompile>
    <ClCompile Include="Algorithms\LinearSieve.c">
      <Filter>Source Files\Algorithms</Filter>
    </ClCompile>
    <ClCompile Include="Data Structures\LinkedList.c">
      <Filter>Source Files\Data Structures</Filter>
    </ClCompile>
    <ClCompile Include="Data Structures\UnionFind.c">
      <Filter>Source Files\Data Structures</Filter>
    </ClCompile>
    <ClCompile Include="Data Structures\AdjacencyList.c">
      <Filter>Source Files\Data Structures</Filter>
    </ClCompile>
    <ClCompile Include="Data Structures\Vector.c">
      <Filter>Source Files\Data Structures</Filter>
    </ClCompile>
    <ClCompile Include="Algorithms\MergeSort.c">
      <Filter>Source Files\Algorithms</Filter>
    </ClCompile>
  </ItemGroup>
</Project>